// !$*UTF8*$!
{
	archiveVersion = 1;
	classes = {
	};
	objectVersion = 50;
	objects = {

/* Begin PBXBuildFile section */
		EF0B46C52D0B5AC10018C8D6 /* M08_UF1_PR01_JaumeGandara_AlbertGarridoApp.swift in Sources */ = {isa = PBXBuildFile; fileRef = EF0B46C42D0B5AC10018C8D6 /* M08_UF1_PR01_JaumeGandara_AlbertGarridoApp.swift */; };
		EF0B46C72D0B5AC10018C8D6 /* ContentView.swift in Sources */ = {isa = PBXBuildFile; fileRef = EF0B46C62D0B5AC10018C8D6 /* ContentView.swift */; };
		EF0B46C92D0B5AC20018C8D6 /* Assets.xcassets in Resources */ = {isa = PBXBuildFile; fileRef = EF0B46C82D0B5AC20018C8D6 /* Assets.xcassets */; };
		EF0B46CC2D0B5AC20018C8D6 /* Preview Assets.xcassets in Resources */ = {isa = PBXBuildFile; fileRef = EF0B46CB2D0B5AC20018C8D6 /* Preview Assets.xcassets */; };
		EFD809D72D2EEBCC00EA5D30 /* HomeView.swift in Sources */ = {isa = PBXBuildFile; fileRef = EFD809D62D2EEBCC00EA5D30 /* HomeView.swift */; };
		EFD809DB2D2EEBE100EA5D30 /* DetailsView.swift in Sources */ = {isa = PBXBuildFile; fileRef = EFD809DA2D2EEBE100EA5D30 /* DetailsView.swift */; };
		EFD809DE2D2EEBF500EA5D30 /* CreateView.swift in Sources */ = {isa = PBXBuildFile; fileRef = EFD809DD2D2EEBF500EA5D30 /* CreateView.swift */; };
		EFD809E12D2EEC0200EA5D30 /* EditView.swift in Sources */ = {isa = PBXBuildFile; fileRef = EFD809E02D2EEC0200EA5D30 /* EditView.swift */; };
		EFD809E42D2EECCE00EA5D30 /* Ingredient.swift in Sources */ = {isa = PBXBuildFile; fileRef = EFD809E32D2EECCE00EA5D30 /* Ingredient.swift */; };
		EFD809E82D2EECDE00EA5D30 /* Recipe.swift in Sources */ = {isa = PBXBuildFile; fileRef = EFD809E72D2EECDE00EA5D30 /* Recipe.swift */; };
		EFD809EB2D2EECEF00EA5D30 /* Category.swift in Sources */ = {isa = PBXBuildFile; fileRef = EFD809EA2D2EECEF00EA5D30 /* Category.swift */; };
		EFD809EE2D2EED3900EA5D30 /* HomeViewModel.swift in Sources */ = {isa = PBXBuildFile; fileRef = EFD809ED2D2EED3900EA5D30 /* HomeViewModel.swift */; };
		EFD809F12D2EED4B00EA5D30 /* DetailsViewModel.swift in Sources */ = {isa = PBXBuildFile; fileRef = EFD809F02D2EED4B00EA5D30 /* DetailsViewModel.swift */; };
		EFD809F42D2EED5600EA5D30 /* CreateViewModel.swift in Sources */ = {isa = PBXBuildFile; fileRef = EFD809F32D2EED5600EA5D30 /* CreateViewModel.swift */; };
		EFD809F72D2EED6500EA5D30 /* EditViewModel.swift in Sources */ = {isa = PBXBuildFile; fileRef = EFD809F62D2EED6500EA5D30 /* EditViewModel.swift */; };
/* End PBXBuildFile section */

/* Begin PBXFileReference section */
		EF0B46C12D0B5AC10018C8D6 /* M08-UF1-PR01-JaumeGandara_AlbertGarrido.app */ = {isa = PBXFileReference; explicitFileType = wrapper.application; includeInIndex = 0; path = "M08-UF1-PR01-JaumeGandara_AlbertGarrido.app"; sourceTree = BUILT_PRODUCTS_DIR; };
		EF0B46C42D0B5AC10018C8D6 /* M08_UF1_PR01_JaumeGandara_AlbertGarridoApp.swift */ = {isa = PBXFileReference; lastKnownFileType = sourcecode.swift; path = M08_UF1_PR01_JaumeGandara_AlbertGarridoApp.swift; sourceTree = "<group>"; };
		EF0B46C62D0B5AC10018C8D6 /* ContentView.swift */ = {isa = PBXFileReference; lastKnownFileType = sourcecode.swift; path = ContentView.swift; sourceTree = "<group>"; };
		EF0B46C82D0B5AC20018C8D6 /* Assets.xcassets */ = {isa = PBXFileReference; lastKnownFileType = folder.assetcatalog; path = Assets.xcassets; sourceTree = "<group>"; };
		EF0B46CB2D0B5AC20018C8D6 /* Preview Assets.xcassets */ = {isa = PBXFileReference; lastKnownFileType = folder.assetcatalog; path = "Preview Assets.xcassets"; sourceTree = "<group>"; };
		EF0B46CD2D0B5AC20018C8D6 /* Info.plist */ = {isa = PBXFileReference; lastKnownFileType = text.plist.xml; path = Info.plist; sourceTree = "<group>"; };
		EFD809D62D2EEBCC00EA5D30 /* HomeView.swift */ = {isa = PBXFileReference; lastKnownFileType = sourcecode.swift; path = HomeView.swift; sourceTree = "<group>"; };
		EFD809DA2D2EEBE100EA5D30 /* DetailsView.swift */ = {isa = PBXFileReference; lastKnownFileType = sourcecode.swift; path = DetailsView.swift; sourceTree = "<group>"; };
		EFD809DD2D2EEBF500EA5D30 /* CreateView.swift */ = {isa = PBXFileReference; lastKnownFileType = sourcecode.swift; path = CreateView.swift; sourceTree = "<group>"; };
		EFD809E02D2EEC0200EA5D30 /* EditView.swift */ = {isa = PBXFileReference; lastKnownFileType = sourcecode.swift; path = EditView.swift; sourceTree = "<group>"; };
		EFD809E32D2EECCE00EA5D30 /* Ingredient.swift */ = {isa = PBXFileReference; lastKnownFileType = sourcecode.swift; path = Ingredient.swift; sourceTree = "<group>"; };
		EFD809E72D2EECDE00EA5D30 /* Recipe.swift */ = {isa = PBXFileReference; lastKnownFileType = sourcecode.swift; path = Recipe.swift; sourceTree = "<group>"; };
		EFD809EA2D2EECEF00EA5D30 /* Category.swift */ = {isa = PBXFileReference; lastKnownFileType = sourcecode.swift; path = Category.swift; sourceTree = "<group>"; };
		EFD809ED2D2EED3900EA5D30 /* HomeViewModel.swift */ = {isa = PBXFileReference; lastKnownFileType = sourcecode.swift; path = HomeViewModel.swift; sourceTree = "<group>"; };
		EFD809F02D2EED4B00EA5D30 /* DetailsViewModel.swift */ = {isa = PBXFileReference; lastKnownFileType = sourcecode.swift; path = DetailsViewModel.swift; sourceTree = "<group>"; };
		EFD809F32D2EED5600EA5D30 /* CreateViewModel.swift */ = {isa = PBXFileReference; lastKnownFileType = sourcecode.swift; path = CreateViewModel.swift; sourceTree = "<group>"; };
		EFD809F62D2EED6500EA5D30 /* EditViewModel.swift */ = {isa = PBXFileReference; lastKnownFileType = sourcecode.swift; path = EditViewModel.swift; sourceTree = "<group>"; };
/* End PBXFileReference section */

/* Begin PBXFrameworksBuildPhase section */
		EF0B46BE2D0B5AC10018C8D6 /* Frameworks */ = {
			isa = PBXFrameworksBuildPhase;
			buildActionMask = 2147483647;
			files = (
			);
			runOnlyForDeploymentPostprocessing = 0;
		};
/* End PBXFrameworksBuildPhase section */

/* Begin PBXGroup section */
		EF0B46B82D0B5AC10018C8D6 = {
			isa = PBXGroup;
			children = (
				EF0B46C32D0B5AC10018C8D6 /* M08-UF1-PR01-JaumeGandara_AlbertGarrido */,
				EF0B46C22D0B5AC10018C8D6 /* Products */,
			);
			sourceTree = "<group>";
		};
		EF0B46C22D0B5AC10018C8D6 /* Products */ = {
			isa = PBXGroup;
			children = (
				EF0B46C12D0B5AC10018C8D6 /* M08-UF1-PR01-JaumeGandara_AlbertGarrido.app */,
			);
			name = Products;
			sourceTree = "<group>";
		};
		EF0B46C32D0B5AC10018C8D6 /* M08-UF1-PR01-JaumeGandara_AlbertGarrido */ = {
			isa = PBXGroup;
			children = (
				EF0B46CD2D0B5AC20018C8D6 /* Info.plist */,
				EFD809CF2D2EEABB00EA5D30 /* Views */,
				EFD809CE2D2EEAB100EA5D30 /* ViewModel */,
				EFD809CD2D2EEAAB00EA5D30 /* Model */,
				EFD809C92D2EE9E400EA5D30 /* App */,
				EF0B46CA2D0B5AC20018C8D6 /* Preview Content */,
			);
			path = "M08-UF1-PR01-JaumeGandara_AlbertGarrido";
			sourceTree = "<group>";
		};
		EF0B46CA2D0B5AC20018C8D6 /* Preview Content */ = {
			isa = PBXGroup;
			children = (
				EF0B46CB2D0B5AC20018C8D6 /* Preview Assets.xcassets */,
			);
			path = "Preview Content";
			sourceTree = "<group>";
		};
		EFD809C92D2EE9E400EA5D30 /* App */ = {
			isa = PBXGroup;
			children = (
				EF0B46C42D0B5AC10018C8D6 /* M08_UF1_PR01_JaumeGandara_AlbertGarridoApp.swift */,
				EF0B46C82D0B5AC20018C8D6 /* Assets.xcassets */,
				EF0B46C62D0B5AC10018C8D6 /* ContentView.swift */,
			);
			path = App;
			sourceTree = "<group>";
		};
		EFD809CD2D2EEAAB00EA5D30 /* Model */ = {
			isa = PBXGroup;
			children = (
				EFD809E32D2EECCE00EA5D30 /* Ingredient.swift */,
				EFD809E72D2EECDE00EA5D30 /* Recipe.swift */,
				EFD809EA2D2EECEF00EA5D30 /* Category.swift */,
			);
			path = Model;
			sourceTree = "<group>";
		};
		EFD809CE2D2EEAB100EA5D30 /* ViewModel */ = {
			isa = PBXGroup;
			children = (
				EFD809ED2D2EED3900EA5D30 /* HomeViewModel.swift */,
				EFD809F02D2EED4B00EA5D30 /* DetailsViewModel.swift */,
				EFD809F32D2EED5600EA5D30 /* CreateViewModel.swift */,
				EFD809F62D2EED6500EA5D30 /* EditViewModel.swift */,
			);
			path = ViewModel;
			sourceTree = "<group>";
		};
		EFD809CF2D2EEABB00EA5D30 /* Views */ = {
			isa = PBXGroup;
			children = (
				EFD809D52D2EEB0200EA5D30 /* Edit */,
				EFD809D42D2EEAFA00EA5D30 /* Create */,
				EFD809D32D2EEAF200EA5D30 /* Details */,
				EFD809D22D2EEAEA00EA5D30 /* Home */,
			);
			path = Views;
			sourceTree = "<group>";
		};
		EFD809D22D2EEAEA00EA5D30 /* Home */ = {
			isa = PBXGroup;
			children = (
				EFD809D62D2EEBCC00EA5D30 /* HomeView.swift */,
			);
			path = Home;
			sourceTree = "<group>";
		};
		EFD809D32D2EEAF200EA5D30 /* Details */ = {
			isa = PBXGroup;
			children = (
				EFD809DA2D2EEBE100EA5D30 /* DetailsView.swift */,
			);
			path = Details;
			sourceTree = "<group>";
		};
		EFD809D42D2EEAFA00EA5D30 /* Create */ = {
			isa = PBXGroup;
			children = (
				EFD809DD2D2EEBF500EA5D30 /* CreateView.swift */,
			);
			path = Create;
			sourceTree = "<group>";
		};
		EFD809D52D2EEB0200EA5D30 /* Edit */ = {
			isa = PBXGroup;
			children = (
				EFD809E02D2EEC0200EA5D30 /* EditView.swift */,
			);
			path = Edit;
			sourceTree = "<group>";
		};
/* End PBXGroup section */

/* Begin PBXNativeTarget section */
		EF0B46C02D0B5AC10018C8D6 /* M08-UF1-PR01-JaumeGandara_AlbertGarrido */ = {
			isa = PBXNativeTarget;
			buildConfigurationList = EF0B46D02D0B5AC20018C8D6 /* Build configuration list for PBXNativeTarget "M08-UF1-PR01-JaumeGandara_AlbertGarrido" */;
			buildPhases = (
				EF0B46BD2D0B5AC10018C8D6 /* Sources */,
				EF0B46BE2D0B5AC10018C8D6 /* Frameworks */,
				EF0B46BF2D0B5AC10018C8D6 /* Resources */,
			);
			buildRules = (
			);
			dependencies = (
			);
			name = "M08-UF1-PR01-JaumeGandara_AlbertGarrido";
			productName = "M08-UF1-PR01-JaumeGandara_AlbertGarrido";
			productReference = EF0B46C12D0B5AC10018C8D6 /* M08-UF1-PR01-JaumeGandara_AlbertGarrido.app */;
			productType = "com.apple.product-type.application";
		};
/* End PBXNativeTarget section */

/* Begin PBXProject section */
		EF0B46B92D0B5AC10018C8D6 /* Project object */ = {
			isa = PBXProject;
			attributes = {
				LastSwiftUpdateCheck = 1240;
				LastUpgradeCheck = 1240;
				TargetAttributes = {
					EF0B46C02D0B5AC10018C8D6 = {
						CreatedOnToolsVersion = 12.4;
					};
				};
			};
			buildConfigurationList = EF0B46BC2D0B5AC10018C8D6 /* Build configuration list for PBXProject "M08-UF1-PR01-JaumeGandara_AlbertGarrido" */;
			compatibilityVersion = "Xcode 9.3";
			developmentRegion = en;
			hasScannedForEncodings = 0;
			knownRegions = (
				en,
				Base,
			);
			mainGroup = EF0B46B82D0B5AC10018C8D6;
			productRefGroup = EF0B46C22D0B5AC10018C8D6 /* Products */;
			projectDirPath = "";
			projectRoot = "";
			targets = (
				EF0B46C02D0B5AC10018C8D6 /* M08-UF1-PR01-JaumeGandara_AlbertGarrido */,
			);
		};
/* End PBXProject section */

/* Begin PBXResourcesBuildPhase section */
		EF0B46BF2D0B5AC10018C8D6 /* Resources */ = {
			isa = PBXResourcesBuildPhase;
			buildActionMask = 2147483647;
			files = (
				EF0B46CC2D0B5AC20018C8D6 /* Preview Assets.xcassets in Resources */,
				EF0B46C92D0B5AC20018C8D6 /* Assets.xcassets in Resources */,
			);
			runOnlyForDeploymentPostprocessing = 0;
		};
/* End PBXResourcesBuildPhase section */

/* Begin PBXSourcesBuildPhase section */
		EF0B46BD2D0B5AC10018C8D6 /* Sources */ = {
			isa = PBXSourcesBuildPhase;
			buildActionMask = 2147483647;
			files = (
				EFD809F42D2EED5600EA5D30 /* CreateViewModel.swift in Sources */,
				EFD809D72D2EEBCC00EA5D30 /* HomeView.swift in Sources */,
				EFD809DB2D2EEBE100EA5D30 /* DetailsView.swift in Sources */,
				EFD809E42D2EECCE00EA5D30 /* Ingredient.swift in Sources */,
				EFD809EE2D2EED3900EA5D30 /* HomeViewModel.swift in Sources */,
				EFD809E12D2EEC0200EA5D30 /* EditView.swift in Sources */,
				EF0B46C72D0B5AC10018C8D6 /* ContentView.swift in Sources */,
				EFD809EB2D2EECEF00EA5D30 /* Category.swift in Sources */,
				EFD809F12D2EED4B00EA5D30 /* DetailsViewModel.swift in Sources */,
				EF0B46C52D0B5AC10018C8D6 /* M08_UF1_PR01_JaumeGandara_AlbertGarridoApp.swift in Sources */,
				EFD809DE2D2EEBF500EA5D30 /* CreateView.swift in Sources */,
				EFD809F72D2EED6500EA5D30 /* EditViewModel.swift in Sources */,
				EFD809E82D2EECDE00EA5D30 /* Recipe.swift in Sources */,
			);
			runOnlyForDeploymentPostprocessing = 0;
		};
/* End PBXSourcesBuildPhase section */

/* Begin XCBuildConfiguration section */
		EF0B46CE2D0B5AC20018C8D6 /* Debug */ = {
			isa = XCBuildConfiguration;
			buildSettings = {
				ALWAYS_SEARCH_USER_PATHS = NO;
				CLANG_ANALYZER_NONNULL = YES;
				CLANG_ANALYZER_NUMBER_OBJECT_CONVERSION = YES_AGGRESSIVE;
				CLANG_CXX_LANGUAGE_STANDARD = "gnu++14";
				CLANG_CXX_LIBRARY = "libc++";
				CLANG_ENABLE_MODULES = YES;
				CLANG_ENABLE_OBJC_ARC = YES;
				CLANG_ENABLE_OBJC_WEAK = YES;
				CLANG_WARN_BLOCK_CAPTURE_AUTORELEASING = YES;
				CLANG_WARN_BOOL_CONVERSION = YES;
				CLANG_WARN_COMMA = YES;
				CLANG_WARN_CONSTANT_CONVERSION = YES;
				CLANG_WARN_DEPRECATED_OBJC_IMPLEMENTATIONS = YES;
				CLANG_WARN_DIRECT_OBJC_ISA_USAGE = YES_ERROR;
				CLANG_WARN_DOCUMENTATION_COMMENTS = YES;
				CLANG_WARN_EMPTY_BODY = YES;
				CLANG_WARN_ENUM_CONVERSION = YES;
				CLANG_WARN_INFINITE_RECURSION = YES;
				CLANG_WARN_INT_CONVERSION = YES;
				CLANG_WARN_NON_LITERAL_NULL_CONVERSION = YES;
				CLANG_WARN_OBJC_IMPLICIT_RETAIN_SELF = YES;
				CLANG_WARN_OBJC_LITERAL_CONVERSION = YES;
				CLANG_WARN_OBJC_ROOT_CLASS = YES_ERROR;
				CLANG_WARN_QUOTED_INCLUDE_IN_FRAMEWORK_HEADER = YES;
				CLANG_WARN_RANGE_LOOP_ANALYSIS = YES;
				CLANG_WARN_STRICT_PROTOTYPES = YES;
				CLANG_WARN_SUSPICIOUS_MOVE = YES;
				CLANG_WARN_UNGUARDED_AVAILABILITY = YES_AGGRESSIVE;
				CLANG_WARN_UNREACHABLE_CODE = YES;
				CLANG_WARN__DUPLICATE_METHOD_MATCH = YES;
				COPY_PHASE_STRIP = NO;
				DEBUG_INFORMATION_FORMAT = dwarf;
				ENABLE_STRICT_OBJC_MSGSEND = YES;
				ENABLE_TESTABILITY = YES;
				GCC_C_LANGUAGE_STANDARD = gnu11;
				GCC_DYNAMIC_NO_PIC = NO;
				GCC_NO_COMMON_BLOCKS = YES;
				GCC_OPTIMIZATION_LEVEL = 0;
				GCC_PREPROCESSOR_DEFINITIONS = (
					"DEBUG=1",
					"$(inherited)",
				);
				GCC_WARN_64_TO_32_BIT_CONVERSION = YES;
				GCC_WARN_ABOUT_RETURN_TYPE = YES_ERROR;
				GCC_WARN_UNDECLARED_SELECTOR = YES;
				GCC_WARN_UNINITIALIZED_AUTOS = YES_AGGRESSIVE;
				GCC_WARN_UNUSED_FUNCTION = YES;
				GCC_WARN_UNUSED_VARIABLE = YES;
				IPHONEOS_DEPLOYMENT_TARGET = 14.4;
				MTL_ENABLE_DEBUG_INFO = INCLUDE_SOURCE;
				MTL_FAST_MATH = YES;
				ONLY_ACTIVE_ARCH = YES;
				SDKROOT = iphoneos;
				SWIFT_ACTIVE_COMPILATION_CONDITIONS = DEBUG;
				SWIFT_OPTIMIZATION_LEVEL = "-Onone";
			};
			name = Debug;
		};
		EF0B46CF2D0B5AC20018C8D6 /* Release */ = {
			isa = XCBuildConfiguration;
			buildSettings = {
				ALWAYS_SEARCH_USER_PATHS = NO;
				CLANG_ANALYZER_NONNULL = YES;
				CLANG_ANALYZER_NUMBER_OBJECT_CONVERSION = YES_AGGRESSIVE;
				CLANG_CXX_LANGUAGE_STANDARD = "gnu++14";
				CLANG_CXX_LIBRARY = "libc++";
				CLANG_ENABLE_MODULES = YES;
				CLANG_ENABLE_OBJC_ARC = YES;
				CLANG_ENABLE_OBJC_WEAK = YES;
				CLANG_WARN_BLOCK_CAPTURE_AUTORELEASING = YES;
				CLANG_WARN_BOOL_CONVERSION = YES;
				CLANG_WARN_COMMA = YES;
				CLANG_WARN_CONSTANT_CONVERSION = YES;
				CLANG_WARN_DEPRECATED_OBJC_IMPLEMENTATIONS = YES;
				CLANG_WARN_DIRECT_OBJC_ISA_USAGE = YES_ERROR;
				CLANG_WARN_DOCUMENTATION_COMMENTS = YES;
				CLANG_WARN_EMPTY_BODY = YES;
				CLANG_WARN_ENUM_CONVERSION = YES;
				CLANG_WARN_INFINITE_RECURSION = YES;
				CLANG_WARN_INT_CONVERSION = YES;
				CLANG_WARN_NON_LITERAL_NULL_CONVERSION = YES;
				CLANG_WARN_OBJC_IMPLICIT_RETAIN_SELF = YES;
				CLANG_WARN_OBJC_LITERAL_CONVERSION = YES;
				CLANG_WARN_OBJC_ROOT_CLASS = YES_ERROR;
				CLANG_WARN_QUOTED_INCLUDE_IN_FRAMEWORK_HEADER = YES;
				CLANG_WARN_RANGE_LOOP_ANALYSIS = YES;
				CLANG_WARN_STRICT_PROTOTYPES = YES;
				CLANG_WARN_SUSPICIOUS_MOVE = YES;
				CLANG_WARN_UNGUARDED_AVAILABILITY = YES_AGGRESSIVE;
				CLANG_WARN_UNREACHABLE_CODE = YES;
				CLANG_WARN__DUPLICATE_METHOD_MATCH = YES;
				COPY_PHASE_STRIP = NO;
				DEBUG_INFORMATION_FORMAT = "dwarf-with-dsym";
				ENABLE_NS_ASSERTIONS = NO;
				ENABLE_STRICT_OBJC_MSGSEND = YES;
				GCC_C_LANGUAGE_STANDARD = gnu11;
				GCC_NO_COMMON_BLOCKS = YES;
				GCC_WARN_64_TO_32_BIT_CONVERSION = YES;
				GCC_WARN_ABOUT_RETURN_TYPE = YES_ERROR;
				GCC_WARN_UNDECLARED_SELECTOR = YES;
				GCC_WARN_UNINITIALIZED_AUTOS = YES_AGGRESSIVE;
				GCC_WARN_UNUSED_FUNCTION = YES;
				GCC_WARN_UNUSED_VARIABLE = YES;
				IPHONEOS_DEPLOYMENT_TARGET = 14.4;
				MTL_ENABLE_DEBUG_INFO = NO;
				MTL_FAST_MATH = YES;
				SDKROOT = iphoneos;
				SWIFT_COMPILATION_MODE = wholemodule;
				SWIFT_OPTIMIZATION_LEVEL = "-O";
				VALIDATE_PRODUCT = YES;
			};
			name = Release;
		};
		EF0B46D12D0B5AC20018C8D6 /* Debug */ = {
			isa = XCBuildConfiguration;
			buildSettings = {
				ASSETCATALOG_COMPILER_APPICON_NAME = AppIcon;
				ASSETCATALOG_COMPILER_GLOBAL_ACCENT_COLOR_NAME = AccentColor;
				CODE_SIGN_STYLE = Automatic;
				DEVELOPMENT_ASSET_PATHS = "\"M08-UF1-PR01-JaumeGandara_AlbertGarrido/Preview Content\"";
				ENABLE_PREVIEWS = YES;
				INFOPLIST_FILE = "M08-UF1-PR01-JaumeGandara_AlbertGarrido/Info.plist";
				IPHONEOS_DEPLOYMENT_TARGET = 14.0;
				LD_RUNPATH_SEARCH_PATHS = (
					"$(inherited)",
					"@executable_path/Frameworks",
				);
				PRODUCT_BUNDLE_IDENTIFIER = "lasalle.edu.M08-UF1-PR01-JaumeGandara-AlbertGarrido";
				PRODUCT_NAME = "$(TARGET_NAME)";
				SWIFT_VERSION = 5.0;
				TARGETED_DEVICE_FAMILY = "1,2";
			};
			name = Debug;
		};
		EF0B46D22D0B5AC20018C8D6 /* Release */ = {
			isa = XCBuildConfiguration;
			buildSettings = {
				ASSETCATALOG_COMPILER_APPICON_NAME = AppIcon;
				ASSETCATALOG_COMPILER_GLOBAL_ACCENT_COLOR_NAME = AccentColor;
				CODE_SIGN_STYLE = Automatic;
				DEVELOPMENT_ASSET_PATHS = "\"M08-UF1-PR01-JaumeGandara_AlbertGarrido/Preview Content\"";
				ENABLE_PREVIEWS = YES;
				INFOPLIST_FILE = "M08-UF1-PR01-JaumeGandara_AlbertGarrido/Info.plist";
				IPHONEOS_DEPLOYMENT_TARGET = 14.0;
				LD_RUNPATH_SEARCH_PATHS = (
					"$(inherited)",
					"@executable_path/Frameworks",
				);
				PRODUCT_BUNDLE_IDENTIFIER = "lasalle.edu.M08-UF1-PR01-JaumeGandara-AlbertGarrido";
				PRODUCT_NAME = "$(TARGET_NAME)";
				SWIFT_VERSION = 5.0;
				TARGETED_DEVICE_FAMILY = "1,2";
			};
			name = Release;
		};
/* End XCBuildConfiguration section */

/* Begin XCConfigurationList section */
		EF0B46BC2D0B5AC10018C8D6 /* Build configuration list for PBXProject "M08-UF1-PR01-JaumeGandara_AlbertGarrido" */ = {
			isa = XCConfigurationList;
			buildConfigurations = (
				EF0B46CE2D0B5AC20018C8D6 /* Debug */,
				EF0B46CF2D0B5AC20018C8D6 /* Release */,
			);
			defaultConfigurationIsVisible = 0;
			defaultConfigurationName = Release;
		};
		EF0B46D02D0B5AC20018C8D6 /* Build configuration list for PBXNativeTarget "M08-UF1-PR01-JaumeGandara_AlbertGarrido" */ = {
			isa = XCConfigurationList;
			buildConfigurations = (
				EF0B46D12D0B5AC20018C8D6 /* Debug */,
				EF0B46D22D0B5AC20018C8D6 /* Release */,
			);
			defaultConfigurationIsVisible = 0;
			defaultConfigurationName = Release;
		};
/* End XCConfigurationList section */
	};
	rootObject = EF0B46B92D0B5AC10018C8D6 /* Project object */;
}
